FORGE
  remote: https://forgeapi.puppetlabs.com
  specs:
    ghoneycutt-ssh (4.1.0)
      puppetlabs-concat (>= 7.0.0, < 8.0.0)
      puppetlabs-sshkeys_core (>= 2.3.0, < 3.0.0)
      puppetlabs-stdlib (>= 8.0.0, < 9.0.0)
    goldyfruit-grub2 (1.0.14)
      jcpunk-efi (>= 0.1.0, < 1.0.0)
      puppetlabs-stdlib (>= 4.6.0, < 9.0.0)
    jcpunk-efi (0.1.1)
    kemra102-snapd (1.1.0)
    mmckinst-hash2stuff (1.2.1)
    puppet-archive (6.1.2)
      puppetlabs-stdlib (>= 4.18.0, < 9.0.0)
    puppet-unattended_upgrades (7.1.0)
      puppetlabs-apt (>= 2.2.0, < 10.0.0)
      puppetlabs-stdlib (>= 4.13.1, < 9.0.0)
    puppetlabs-apt (9.0.2)
      puppetlabs-stdlib (>= 4.16.0, < 9.0.0)
    puppetlabs-concat (7.4.0)
      puppetlabs-stdlib (>= 4.13.1, < 9.0.0)
    puppetlabs-inifile (6.0.0)
      puppetlabs-stdlib (>= 4.13.0, < 9.0.0)
    puppetlabs-mount_core (1.2.0)
    puppetlabs-ntp (10.0.0)
      puppetlabs-stdlib (>= 4.13.1, < 9.0.0)
    puppetlabs-sshkeys_core (2.4.0)
    puppetlabs-stdlib (8.6.0)
    puppetlabs-vcsrepo (6.0.1)
    saz-sudo (7.0.2)
      puppetlabs-stdlib (>= 2.6.0, < 9.0.0)
    saz-timezone (6.2.0)
      stm-debconf (>= 2.0.0, < 5.0.0)
    stm-debconf (4.1.0)

GIT
  remote: https://github.com/CoderDojoRotselaar/os-profile.git
  ref: master
  sha: 549ab43a7dae8b4e45673752e85ed910099e33e3
  specs:
    coderdojorotselaar-profile (0.1.0)

GIT
  remote: https://github.com/jovandeginste/puppet-syncthing.git
  ref: master
  sha: 242e03afbe793fcbc43ebe6574f3e6b3fe80d711
  specs:
    brwyatt-syncthing (1.1.6)
      puppetlabs-apt (>= 1.7.0, < 10.0.0)
      puppetlabs-stdlib (>= 4.5.0, < 10.0.0)

GIT
  remote: https://github.com/puppetlabs/puppetlabs-lvm.git
  ref: master
  sha: b39b1b56bd2f3b3cee19436a506f19c6d0670362
  specs:
    puppetlabs-lvm (1.4.0)
      puppetlabs-mount_core (>= 1.0.0, < 2.0.0)
      puppetlabs-stdlib (>= 4.13.1, < 9.0.0)

DEPENDENCIES
  brwyatt-syncthing (>= 0)
  coderdojorotselaar-profile (>= 0)
  ghoneycutt-ssh (>= 0)
  goldyfruit-grub2 (>= 0)
  kemra102-snapd (>= 0)
  mmckinst-hash2stuff (>= 0)
  puppet-archive (>= 0)
  puppet-unattended_upgrades (>= 0)
  puppetlabs-apt (>= 0)
  puppetlabs-inifile (>= 0)
  puppetlabs-lvm (>= 0)
  puppetlabs-ntp (>= 0)
  puppetlabs-stdlib (>= 0)
  puppetlabs-vcsrepo (>= 0)
  saz-sudo (>= 0)
  saz-timezone (>= 0)

